
Microsoft Visual Studio Solution File, Format Version 12.00
# Visual Studio Version 17
VisualStudioVersion = 17.0.32112.339
MinimumVisualStudioVersion = 10.0.40219.1
Project("{FAE04EC0-301F-11D3-BF4B-00C04F79EFBC}") = "Task1", "Task1\Task1.csproj", "{31E8885E-B6E5-4E9A-9CF4-8DF0200A00F1}"
EndProject
Project("{FAE04EC0-301F-11D3-BF4B-00C04F79EFBC}") = "Task2", "Task2\Task2.csproj", "{5B8A0BE2-3C7C-4443-94EB-E04573353C67}"
EndProject
Global
	GlobalSection(SolutionConfigurationPlatforms) = preSolution
		Debug|Any CPU = Debug|Any CPU
		Release|Any CPU = Release|Any CPU
	EndGlobalSection
	GlobalSection(ProjectConfigurationPlatforms) = postSolution
		{31E8885E-B6E5-4E9A-9CF4-8DF0200A00F1}.Debug|Any CPU.ActiveCfg = Debug|Any CPU
		{31E8885E-B6E5-4E9A-9CF4-8DF0200A00F1}.Debug|Any CPU.Build.0 = Debug|Any CPU
		{31E8885E-B6E5-4E9A-9CF4-8DF0200A00F1}.Release|Any CPU.ActiveCfg = Release|Any CPU
		{31E8885E-B6E5-4E9A-9CF4-8DF0200A00F1}.Release|Any CPU.Build.0 = Release|Any CPU
		{5B8A0BE2-3C7C-4443-94EB-E04573353C67}.Debug|Any CPU.ActiveCfg = Debug|Any CPU
		{5B8A0BE2-3C7C-4443-94EB-E04573353C67}.Debug|Any CPU.Build.0 = Debug|Any CPU
		{5B8A0BE2-3C7C-4443-94EB-E04573353C67}.Release|Any CPU.ActiveCfg = Release|Any CPU
		{5B8A0BE2-3C7C-4443-94EB-E04573353C67}.Release|Any CPU.Build.0 = Release|Any CPU
	EndGlobalSection
	GlobalSection(SolutionProperties) = preSolution
		HideSolutionNode = FALSE
	EndGlobalSection
	GlobalSection(ExtensibilityGlobals) = postSolution
		SolutionGuid = {5C59E746-84A5-4F59-8CED-1EF550D49657}
	EndGlobalSection
EndGlobal
